
Microsoft Visual Studio Solution File, Format Version 12.00
# Visual Studio Version 17
VisualStudioVersion = 17.8.34408.163
MinimumVisualStudioVersion = 10.0.40219.1
Project("{9A19103F-16F7-4668-BE54-9A1E7A4F7556}") = "Floorzap.POS", "Floorzap.POS\Floorzap.POS.csproj", "{F3249D8E-FB51-4A17-9E2B-EDB5F4F56EE0}"
EndProject
Project("{9A19103F-16F7-4668-BE54-9A1E7A4F7556}") = "POSModel", "POSModel\POSModel.csproj", "{31B8CD2C-DF9D-4B64-A0E5-F0C7DC65DA16}"
EndProject
Project("{9A19103F-16F7-4668-BE54-9A1E7A4F7556}") = "POSServices", "POSServices\POSServices.csproj", "{EB75C61B-867A-490E-9B88-AE3DD53C368A}"
EndProject
Global
	GlobalSection(SolutionConfigurationPlatforms) = preSolution
		Debug|Any CPU = Debug|Any CPU
		Release|Any CPU = Release|Any CPU
	EndGlobalSection
	GlobalSection(ProjectConfigurationPlatforms) = postSolution
		{F3249D8E-FB51-4A17-9E2B-EDB5F4F56EE0}.Debug|Any CPU.ActiveCfg = Debug|Any CPU
		{F3249D8E-FB51-4A17-9E2B-EDB5F4F56EE0}.Debug|Any CPU.Build.0 = Debug|Any CPU
		{F3249D8E-FB51-4A17-9E2B-EDB5F4F56EE0}.Debug|Any CPU.Deploy.0 = Debug|Any CPU
		{F3249D8E-FB51-4A17-9E2B-EDB5F4F56EE0}.Release|Any CPU.ActiveCfg = Release|Any CPU
		{F3249D8E-FB51-4A17-9E2B-EDB5F4F56EE0}.Release|Any CPU.Build.0 = Release|Any CPU
		{F3249D8E-FB51-4A17-9E2B-EDB5F4F56EE0}.Release|Any CPU.Deploy.0 = Release|Any CPU
		{31B8CD2C-DF9D-4B64-A0E5-F0C7DC65DA16}.Debug|Any CPU.ActiveCfg = Debug|Any CPU
		{31B8CD2C-DF9D-4B64-A0E5-F0C7DC65DA16}.Debug|Any CPU.Build.0 = Debug|Any CPU
		{31B8CD2C-DF9D-4B64-A0E5-F0C7DC65DA16}.Release|Any CPU.ActiveCfg = Release|Any CPU
		{31B8CD2C-DF9D-4B64-A0E5-F0C7DC65DA16}.Release|Any CPU.Build.0 = Release|Any CPU
		{EB75C61B-867A-490E-9B88-AE3DD53C368A}.Debug|Any CPU.ActiveCfg = Debug|Any CPU
		{EB75C61B-867A-490E-9B88-AE3DD53C368A}.Debug|Any CPU.Build.0 = Debug|Any CPU
		{EB75C61B-867A-490E-9B88-AE3DD53C368A}.Release|Any CPU.ActiveCfg = Release|Any CPU
		{EB75C61B-867A-490E-9B88-AE3DD53C368A}.Release|Any CPU.Build.0 = Release|Any CPU
	EndGlobalSection
	GlobalSection(SolutionProperties) = preSolution
		HideSolutionNode = FALSE
	EndGlobalSection
	GlobalSection(ExtensibilityGlobals) = postSolution
		SolutionGuid = {35520FD9-C86A-4C2F-9E3E-5432A5CB9EF4}
	EndGlobalSection
EndGlobal
